Microsoft Visual Studio Solution File, Format Version 12.00
# Visual Studio Version 17
VisualStudioVersion = 17.5.2.0
MinimumVisualStudioVersion = 10.0.40219.1
Project("{FAE04EC0-301F-11D3-BF4B-00C04F79EFBC}") = "PgSyncApp", "PgSyncApp.csproj", "{9EB6DB70-2B40-5497-06A2-E1A3D554105A}"
EndProject
Global
	GlobalSection(SolutionConfigurationPlatforms) = preSolution
		Debug|Any CPU = Debug|Any CPU
		Release|Any CPU = Release|Any CPU
	EndGlobalSection
	GlobalSection(ProjectConfigurationPlatforms) = postSolution
		{9EB6DB70-2B40-5497-06A2-E1A3D554105A}.Debug|Any CPU.ActiveCfg = Debug|Any CPU
		{9EB6DB70-2B40-5497-06A2-E1A3D554105A}.Debug|Any CPU.Build.0 = Debug|Any CPU
		{9EB6DB70-2B40-5497-06A2-E1A3D554105A}.Release|Any CPU.ActiveCfg = Release|Any CPU
		{9EB6DB70-2B40-5497-06A2-E1A3D554105A}.Release|Any CPU.Build.0 = Release|Any CPU
	EndGlobalSection
	GlobalSection(SolutionProperties) = preSolution
		HideSolutionNode = FALSE
	EndGlobalSection
	GlobalSection(ExtensibilityGlobals) = postSolution
		SolutionGuid = {E46FC4F8-8F9A-4297-9992-F4C2268BCE30}
	EndGlobalSection
EndGlobal
